
Microsoft Visual Studio Solution File, Format Version 12.00
# Visual Studio 15
VisualStudioVersion = 15.0.28307.757
MinimumVisualStudioVersion = 10.0.40219.1
Project("{FAE04EC0-301F-11D3-BF4B-00C04F79EFBC}") = "DockableAppTemplate", "DockableAppTemplate\DockableAppTemplate.csproj", "{42590E20-ED1A-4CE4-A1BC-A44FD46851BE}"
EndProject
Global
	GlobalSection(SolutionConfigurationPlatforms) = preSolution
		Debug|Any CPU = Debug|Any CPU
		Release|Any CPU = Release|Any CPU
	EndGlobalSection
	GlobalSection(ProjectConfigurationPlatforms) = postSolution
		{42590E20-ED1A-4CE4-A1BC-A44FD46851BE}.Debug|Any CPU.ActiveCfg = Debug|Any CPU
		{42590E20-ED1A-4CE4-A1BC-A44FD46851BE}.Debug|Any CPU.Build.0 = Debug|Any CPU
		{42590E20-ED1A-4CE4-A1BC-A44FD46851BE}.Release|Any CPU.ActiveCfg = Release|Any CPU
		{42590E20-ED1A-4CE4-A1BC-A44FD46851BE}.Release|Any CPU.Build.0 = Release|Any CPU
	EndGlobalSection
	GlobalSection(SolutionProperties) = preSolution
		HideSolutionNode = FALSE
	EndGlobalSection
	GlobalSection(ExtensibilityGlobals) = postSolution
		SolutionGuid = {5BE72995-0EEC-468D-8BE6-0AD2E71678BD}
	EndGlobalSection
EndGlobal
